
Microsoft Visual Studio Solution File, Format Version 12.00
# Visual Studio 15
VisualStudioVersion = 15.0.26730.10
MinimumVisualStudioVersion = 10.0.40219.1
Project("{9A19103F-16F7-4668-BE54-9A1E7A4F7556}") = "MySolution.MyLibrary", "MySolution.MyLibrary\MySolution.MyLibrary.csproj", "{F72F4BE5-D39F-4E29-A99E-521435750641}"
EndProject
Project("{9A19103F-16F7-4668-BE54-9A1E7A4F7556}") = "MySolution.MyLibrary.Test", "MySolution.MyLibrary.Test\MySolution.MyLibrary.Test.csproj", "{F13AD11F-A6D2-47BF-878A-E5A06B7B112F}"
EndProject
Project("{FAE04EC0-301F-11D3-BF4B-00C04F79EFBC}") = "MySolution.MyConsoleApp", "MySolution.MyConsoleApp\MySolution.MyConsoleApp.csproj", "{ED330296-9A22-4430-AB2E-36E56D847E43}"
EndProject
Global
	GlobalSection(SolutionConfigurationPlatforms) = preSolution
		Debug|Any CPU = Debug|Any CPU
		Release|Any CPU = Release|Any CPU
	EndGlobalSection
	GlobalSection(ProjectConfigurationPlatforms) = postSolution
		{F72F4BE5-D39F-4E29-A99E-521435750641}.Debug|Any CPU.ActiveCfg = Debug|Any CPU
		{F72F4BE5-D39F-4E29-A99E-521435750641}.Debug|Any CPU.Build.0 = Debug|Any CPU
		{F72F4BE5-D39F-4E29-A99E-521435750641}.Release|Any CPU.ActiveCfg = Release|Any CPU
		{F72F4BE5-D39F-4E29-A99E-521435750641}.Release|Any CPU.Build.0 = Release|Any CPU
		{F13AD11F-A6D2-47BF-878A-E5A06B7B112F}.Debug|Any CPU.ActiveCfg = Debug|Any CPU
		{F13AD11F-A6D2-47BF-878A-E5A06B7B112F}.Debug|Any CPU.Build.0 = Debug|Any CPU
		{F13AD11F-A6D2-47BF-878A-E5A06B7B112F}.Release|Any CPU.ActiveCfg = Release|Any CPU
		{F13AD11F-A6D2-47BF-878A-E5A06B7B112F}.Release|Any CPU.Build.0 = Release|Any CPU
		{ED330296-9A22-4430-AB2E-36E56D847E43}.Debug|Any CPU.ActiveCfg = Debug|Any CPU
		{ED330296-9A22-4430-AB2E-36E56D847E43}.Debug|Any CPU.Build.0 = Debug|Any CPU
		{ED330296-9A22-4430-AB2E-36E56D847E43}.Release|Any CPU.ActiveCfg = Release|Any CPU
		{ED330296-9A22-4430-AB2E-36E56D847E43}.Release|Any CPU.Build.0 = Release|Any CPU
	EndGlobalSection
	GlobalSection(SolutionProperties) = preSolution
		HideSolutionNode = FALSE
	EndGlobalSection
	GlobalSection(ExtensibilityGlobals) = postSolution
		SolutionGuid = {2F9D0F5A-9D7F-4706-8D3C-86CC08B26E15}
	EndGlobalSection
EndGlobal
